
Microsoft Visual Studio Solution File, Format Version 12.00
# Visual Studio Version 16
VisualStudioVersion = 16.0.30225.117
MinimumVisualStudioVersion = 10.0.40219.1
Project("{8BC9CEB8-8B4A-11D0-8D11-00A0C91BC942}") = "UnicornLSL", "UnicornLSL.vcxproj", "{CAE6C493-AE64-4F1F-9BC3-BB850B6F4B38}"
EndProject
Global
	GlobalSection(SolutionConfigurationPlatforms) = preSolution
		Debug|x64 = Debug|x64
		Release|x64 = Release|x64
	EndGlobalSection
	GlobalSection(ProjectConfigurationPlatforms) = postSolution
		{CAE6C493-AE64-4F1F-9BC3-BB850B6F4B38}.Debug|x64.ActiveCfg = Debug|x64
		{CAE6C493-AE64-4F1F-9BC3-BB850B6F4B38}.Debug|x64.Build.0 = Debug|x64
		{CAE6C493-AE64-4F1F-9BC3-BB850B6F4B38}.Release|x64.ActiveCfg = Release|x64
		{CAE6C493-AE64-4F1F-9BC3-BB850B6F4B38}.Release|x64.Build.0 = Release|x64
	EndGlobalSection
	GlobalSection(SolutionProperties) = preSolution
		HideSolutionNode = FALSE
	EndGlobalSection
	GlobalSection(ExtensibilityGlobals) = postSolution
		SolutionGuid = {CD8A76D0-F25D-45C7-A144-38BA70BBC204}
	EndGlobalSection
EndGlobal
